
Microsoft Visual Studio Solution File, Format Version 12.00
# Visual Studio Version 17
VisualStudioVersion = 17.6.33829.357
MinimumVisualStudioVersion = 10.0.40219.1
Project("{FAE04EC0-301F-11D3-BF4B-00C04F79EFBC}") = "ProducerConsumer Thread ImplementationPart2", "ProducerConsumer Thread ImplementationPart2\ProducerConsumer Thread ImplementationPart2.csproj", "{51AEDDE2-2813-4FD3-B490-31AF6D7D75B4}"
EndProject
Global
	GlobalSection(SolutionConfigurationPlatforms) = preSolution
		Debug|Any CPU = Debug|Any CPU
		Release|Any CPU = Release|Any CPU
	EndGlobalSection
	GlobalSection(ProjectConfigurationPlatforms) = postSolution
		{51AEDDE2-2813-4FD3-B490-31AF6D7D75B4}.Debug|Any CPU.ActiveCfg = Debug|Any CPU
		{51AEDDE2-2813-4FD3-B490-31AF6D7D75B4}.Debug|Any CPU.Build.0 = Debug|Any CPU
		{51AEDDE2-2813-4FD3-B490-31AF6D7D75B4}.Release|Any CPU.ActiveCfg = Release|Any CPU
		{51AEDDE2-2813-4FD3-B490-31AF6D7D75B4}.Release|Any CPU.Build.0 = Release|Any CPU
	EndGlobalSection
	GlobalSection(SolutionProperties) = preSolution
		HideSolutionNode = FALSE
	EndGlobalSection
	GlobalSection(ExtensibilityGlobals) = postSolution
		SolutionGuid = {BD2446A8-492D-4EDE-9AAA-C3109AA2F1F1}
	EndGlobalSection
EndGlobal
